// !$*UTF8*$!
{
	archiveVersion = 1;
	classes = {
	};
	objectVersion = 46;
	objects = {

/* Begin PBXBuildFile section */
		8408D7931C5EA2C9004D1C88 /* main.m in Sources */ = {isa = PBXBuildFile; fileRef = 8408D7921C5EA2C9004D1C88 /* main.m */; };
		8408D7961C5EA2C9004D1C88 /* AppDelegate.m in Sources */ = {isa = PBXBuildFile; fileRef = 8408D7951C5EA2C9004D1C88 /* AppDelegate.m */; };
		8408D7991C5EA2C9004D1C88 /* ViewController.m in Sources */ = {isa = PBXBuildFile; fileRef = 8408D7981C5EA2C9004D1C88 /* ViewController.m */; };
		8408D79C1C5EA2C9004D1C88 /* Main.storyboard in Resources */ = {isa = PBXBuildFile; fileRef = 8408D79A1C5EA2C9004D1C88 /* Main.storyboard */; };
		8408D79E1C5EA2C9004D1C88 /* Assets.xcassets in Resources */ = {isa = PBXBuildFile; fileRef = 8408D79D1C5EA2C9004D1C88 /* Assets.xcassets */; };
		8408D7A11C5EA2C9004D1C88 /* LaunchScreen.storyboard in Resources */ = {isa = PBXBuildFile; fileRef = 8408D79F1C5EA2C9004D1C88 /* LaunchScreen.storyboard */; };
		8408D7AC1C5EA2C9004D1C88 /* lesson04_dzTests.m in Sources */ = {isa = PBXBuildFile; fileRef = 8408D7AB1C5EA2C9004D1C88 /* lesson04_dzTests.m */; };
		8408D7B71C5EA2CA004D1C88 /* lesson04_dzUITests.m in Sources */ = {isa = PBXBuildFile; fileRef = 8408D7B61C5EA2CA004D1C88 /* lesson04_dzUITests.m */; };
		8408D7C61C5EA325004D1C88 /* Human.m in Sources */ = {isa = PBXBuildFile; fileRef = 8408D7C51C5EA325004D1C88 /* Human.m */; };
/* End PBXBuildFile section */

/* Begin PBXContainerItemProxy section */
		8408D7A81C5EA2C9004D1C88 /* PBXContainerItemProxy */ = {
			isa = PBXContainerItemProxy;
			containerPortal = 8408D7861C5EA2C9004D1C88 /* Project object */;
			proxyType = 1;
			remoteGlobalIDString = 8408D78D1C5EA2C9004D1C88;
			remoteInfo = lesson04_dz;
		};
		8408D7B31C5EA2CA004D1C88 /* PBXContainerItemProxy */ = {
			isa = PBXContainerItemProxy;
			containerPortal = 8408D7861C5EA2C9004D1C88 /* Project object */;
			proxyType = 1;
			remoteGlobalIDString = 8408D78D1C5EA2C9004D1C88;
			remoteInfo = lesson04_dz;
		};
/* End PBXContainerItemProxy section */

/* Begin PBXFileReference section */
		8408D78E1C5EA2C9004D1C88 /* lesson04_dz.app */ = {isa = PBXFileReference; explicitFileType = wrapper.application; includeInIndex = 0; path = lesson04_dz.app; sourceTree = BUILT_PRODUCTS_DIR; };
		8408D7921C5EA2C9004D1C88 /* main.m */ = {isa = PBXFileReference; lastKnownFileType = sourcecode.c.objc; path = main.m; sourceTree = "<group>"; };
		8408D7941C5EA2C9004D1C88 /* AppDelegate.h */ = {isa = PBXFileReference; lastKnownFileType = sourcecode.c.h; path = AppDelegate.h; sourceTree = "<group>"; };
		8408D7951C5EA2C9004D1C88 /* AppDelegate.m */ = {isa = PBXFileReference; lastKnownFileType = sourcecode.c.objc; path = AppDelegate.m; sourceTree = "<group>"; };
		8408D7971C5EA2C9004D1C88 /* ViewController.h */ = {isa = PBXFileReference; lastKnownFileType = sourcecode.c.h; path = ViewController.h; sourceTree = "<group>"; };
		8408D7981C5EA2C9004D1C88 /* ViewController.m */ = {isa = PBXFileReference; lastKnownFileType = sourcecode.c.objc; path = ViewController.m; sourceTree = "<group>"; };
		8408D79B1C5EA2C9004D1C88 /* Base */ = {isa = PBXFileReference; lastKnownFileType = file.storyboard; name = Base; path = Base.lproj/Main.storyboard; sourceTree = "<group>"; };
		8408D79D1C5EA2C9004D1C88 /* Assets.xcassets */ = {isa = PBXFileReference; lastKnownFileType = folder.assetcatalog; path = Assets.xcassets; sourceTree = "<group>"; };
		8408D7A01C5EA2C9004D1C88 /* Base */ = {isa = PBXFileReference; lastKnownFileType = file.storyboard; name = Base; path = Base.lproj/LaunchScreen.storyboard; sourceTree = "<group>"; };
		8408D7A21C5EA2C9004D1C88 /* Info.plist */ = {isa = PBXFileReference; lastKnownFileType = text.plist.xml; path = Info.plist; sourceTree = "<group>"; };
		8408D7A71C5EA2C9004D1C88 /* lesson04_dzTests.xctest */ = {isa = PBXFileReference; explicitFileType = wrapper.cfbundle; includeInIndex = 0; path = lesson04_dzTests.xctest; sourceTree = BUILT_PRODUCTS_DIR; };
		8408D7AB1C5EA2C9004D1C88 /* lesson04_dzTests.m */ = {isa = PBXFileReference; lastKnownFileType = sourcecode.c.objc; path = lesson04_dzTests.m; sourceTree = "<group>"; };
		8408D7AD1C5EA2C9004D1C88 /* Info.plist */ = {isa = PBXFileReference; lastKnownFileType = text.plist.xml; path = Info.plist; sourceTree = "<group>"; };
		8408D7B21C5EA2CA004D1C88 /* lesson04_dzUITests.xctest */ = {isa = PBXFileReference; explicitFileType = wrapper.cfbundle; includeInIndex = 0; path = lesson04_dzUITests.xctest; sourceTree = BUILT_PRODUCTS_DIR; };
		8408D7B61C5EA2CA004D1C88 /* lesson04_dzUITests.m */ = {isa = PBXFileReference; lastKnownFileType = sourcecode.c.objc; path = lesson04_dzUITests.m; sourceTree = "<group>"; };
		8408D7B81C5EA2CA004D1C88 /* Info.plist */ = {isa = PBXFileReference; lastKnownFileType = text.plist.xml; path = Info.plist; sourceTree = "<group>"; };
		8408D7C41C5EA325004D1C88 /* Human.h */ = {isa = PBXFileReference; fileEncoding = 4; lastKnownFileType = sourcecode.c.h; path = Human.h; sourceTree = "<group>"; };
		8408D7C51C5EA325004D1C88 /* Human.m */ = {isa = PBXFileReference; fileEncoding = 4; lastKnownFileType = sourcecode.c.objc; path = Human.m; sourceTree = "<group>"; };
/* End PBXFileReference section */

/* Begin PBXFrameworksBuildPhase section */
		8408D78B1C5EA2C9004D1C88 /* Frameworks */ = {
			isa = PBXFrameworksBuildPhase;
			buildActionMask = 2147483647;
			files = (
			);
			runOnlyForDeploymentPostprocessing = 0;
		};
		8408D7A41C5EA2C9004D1C88 /* Frameworks */ = {
			isa = PBXFrameworksBuildPhase;
			buildActionMask = 2147483647;
			files = (
			);
			runOnlyForDeploymentPostprocessing = 0;
		};
		8408D7AF1C5EA2CA004D1C88 /* Frameworks */ = {
			isa = PBXFrameworksBuildPhase;
			buildActionMask = 2147483647;
			files = (
			);
			runOnlyForDeploymentPostprocessing = 0;
		};
/* End PBXFrameworksBuildPhase section */

/* Begin PBXGroup section */
		8408D7851C5EA2C9004D1C88 = {
			isa = PBXGroup;
			children = (
				8408D7901C5EA2C9004D1C88 /* lesson04_dz */,
				8408D7AA1C5EA2C9004D1C88 /* lesson04_dzTests */,
				8408D7B51C5EA2CA004D1C88 /* lesson04_dzUITests */,
				8408D78F1C5EA2C9004D1C88 /* Products */,
			);
			sourceTree = "<group>";
		};
		8408D78F1C5EA2C9004D1C88 /* Products */ = {
			isa = PBXGroup;
			children = (
				8408D78E1C5EA2C9004D1C88 /* lesson04_dz.app */,
				8408D7A71C5EA2C9004D1C88 /* lesson04_dzTests.xctest */,
				8408D7B21C5EA2CA004D1C88 /* lesson04_dzUITests.xctest */,
			);
			name = Products;
			sourceTree = "<group>";
		};
		8408D7901C5EA2C9004D1C88 /* lesson04_dz */ = {
			isa = PBXGroup;
			children = (
				8408D7C41C5EA325004D1C88 /* Human.h */,
				8408D7C51C5EA325004D1C88 /* Human.m */,
				8408D7941C5EA2C9004D1C88 /* AppDelegate.h */,
				8408D7951C5EA2C9004D1C88 /* AppDelegate.m */,
				8408D7971C5EA2C9004D1C88 /* ViewController.h */,
				8408D7981C5EA2C9004D1C88 /* ViewController.m */,
				8408D79A1C5EA2C9004D1C88 /* Main.storyboard */,
				8408D79D1C5EA2C9004D1C88 /* Assets.xcassets */,
				8408D79F1C5EA2C9004D1C88 /* LaunchScreen.storyboard */,
				8408D7A21C5EA2C9004D1C88 /* Info.plist */,
				8408D7911C5EA2C9004D1C88 /* Supporting Files */,
			);
			path = lesson04_dz;
			sourceTree = "<group>";
		};
		8408D7911C5EA2C9004D1C88 /* Supporting Files */ = {
			isa = PBXGroup;
			children = (
				8408D7921C5EA2C9004D1C88 /* main.m */,
			);
			name = "Supporting Files";
			sourceTree = "<group>";
		};
		8408D7AA1C5EA2C9004D1C88 /* lesson04_dzTests */ = {
			isa = PBXGroup;
			children = (
				8408D7AB1C5EA2C9004D1C88 /* lesson04_dzTests.m */,
				8408D7AD1C5EA2C9004D1C88 /* Info.plist */,
			);
			path = lesson04_dzTests;
			sourceTree = "<group>";
		};
		8408D7B51C5EA2CA004D1C88 /* lesson04_dzUITests */ = {
			isa = PBXGroup;
			children = (
				8408D7B61C5EA2CA004D1C88 /* lesson04_dzUITests.m */,
				8408D7B81C5EA2CA004D1C88 /* Info.plist */,
			);
			path = lesson04_dzUITests;
			sourceTree = "<group>";
		};
/* End PBXGroup section */

/* Begin PBXNativeTarget section */
		8408D78D1C5EA2C9004D1C88 /* lesson04_dz */ = {
			isa = PBXNativeTarget;
			buildConfigurationList = 8408D7BB1C5EA2CA004D1C88 /* Build configuration list for PBXNativeTarget "lesson04_dz" */;
			buildPhases = (
				8408D78A1C5EA2C9004D1C88 /* Sources */,
				8408D78B1C5EA2C9004D1C88 /* Frameworks */,
				8408D78C1C5EA2C9004D1C88 /* Resources */,
			);
			buildRules = (
			);
			dependencies = (
			);
			name = lesson04_dz;
			productName = lesson04_dz;
			productReference = 8408D78E1C5EA2C9004D1C88 /* lesson04_dz.app */;
			productType = "com.apple.product-type.application";
		};
		8408D7A61C5EA2C9004D1C88 /* lesson04_dzTests */ = {
			isa = PBXNativeTarget;
			buildConfigurationList = 8408D7BE1C5EA2CA004D1C88 /* Build configuration list for PBXNativeTarget "lesson04_dzTests" */;
			buildPhases = (
				8408D7A31C5EA2C9004D1C88 /* Sources */,
				8408D7A41C5EA2C9004D1C88 /* Frameworks */,
				8408D7A51C5EA2C9004D1C88 /* Resources */,
			);
			buildRules = (
			);
			dependencies = (
				8408D7A91C5EA2C9004D1C88 /* PBXTargetDependency */,
			);
			name = lesson04_dzTests;
			productName = lesson04_dzTests;
			productReference = 8408D7A71C5EA2C9004D1C88 /* lesson04_dzTests.xctest */;
			productType = "com.apple.product-type.bundle.unit-test";
		};
		8408D7B11C5EA2CA004D1C88 /* lesson04_dzUITests */ = {
			isa = PBXNativeTarget;
			buildConfigurationList = 8408D7C11C5EA2CA004D1C88 /* Build configuration list for PBXNativeTarget "lesson04_dzUITests" */;
			buildPhases = (
				8408D7AE1C5EA2CA004D1C88 /* Sources */,
				8408D7AF1C5EA2CA004D1C88 /* Frameworks */,
				8408D7B01C5EA2CA004D1C88 /* Resources */,
			);
			buildRules = (
			);
			dependencies = (
				8408D7B41C5EA2CA004D1C88 /* PBXTargetDependency */,
			);
			name = lesson04_dzUITests;
			productName = lesson04_dzUITests;
			productReference = 8408D7B21C5EA2CA004D1C88 /* lesson04_dzUITests.xctest */;
			productType = "com.apple.product-type.bundle.ui-testing";
		};
/* End PBXNativeTarget section */

/* Begin PBXProject section */
		8408D7861C5EA2C9004D1C88 /* Project object */ = {
			isa = PBXProject;
			attributes = {
				LastUpgradeCheck = 0720;
				ORGANIZATIONNAME = "Andrian Kryk";
				TargetAttributes = {
					8408D78D1C5EA2C9004D1C88 = {
						CreatedOnToolsVersion = 7.2;
						DevelopmentTeam = 485AHD53BQ;
					};
					8408D7A61C5EA2C9004D1C88 = {
						CreatedOnToolsVersion = 7.2;
						DevelopmentTeam = 485AHD53BQ;
						TestTargetID = 8408D78D1C5EA2C9004D1C88;
					};
					8408D7B11C5EA2CA004D1C88 = {
						CreatedOnToolsVersion = 7.2;
						DevelopmentTeam = 485AHD53BQ;
						TestTargetID = 8408D78D1C5EA2C9004D1C88;
					};
				};
			};
			buildConfigurationList = 8408D7891C5EA2C9004D1C88 /* Build configuration list for PBXProject "lesson04_dz" */;
			compatibilityVersion = "Xcode 3.2";
			developmentRegion = English;
			hasScannedForEncodings = 0;
			knownRegions = (
				en,
				Base,
			);
			mainGroup = 8408D7851C5EA2C9004D1C88;
			productRefGroup = 8408D78F1C5EA2C9004D1C88 /* Products */;
			projectDirPath = "";
			projectRoot = "";
			targets = (
				8408D78D1C5EA2C9004D1C88 /* lesson04_dz */,
				8408D7A61C5EA2C9004D1C88 /* lesson04_dzTests */,
				8408D7B11C5EA2CA004D1C88 /* lesson04_dzUITests */,
			);
		};
/* End PBXProject section */

/* Begin PBXResourcesBuildPhase section */
		8408D78C1C5EA2C9004D1C88 /* Resources */ = {
			isa = PBXResourcesBuildPhase;
			buildActionMask = 2147483647;
			files = (
				8408D7A11C5EA2C9004D1C88 /* LaunchScreen.storyboard in Resources */,
				8408D79E1C5EA2C9004D1C88 /* Assets.xcassets in Resources */,
				8408D79C1C5EA2C9004D1C88 /* Main.storyboard in Resources */,
			);
			runOnlyForDeploymentPostprocessing = 0;
		};
		8408D7A51C5EA2C9004D1C88 /* Resources */ = {
			isa = PBXResourcesBuildPhase;
			buildActionMask = 2147483647;
			files = (
			);
			runOnlyForDeploymentPostprocessing = 0;
		};
		8408D7B01C5EA2CA004D1C88 /* Resources */ = {
			isa = PBXResourcesBuildPhase;
			buildActionMask = 2147483647;
			files = (
			);
			runOnlyForDeploymentPostprocessing = 0;
		};
/* End PBXResourcesBuildPhase section */

/* Begin PBXSourcesBuildPhase section */
		8408D78A1C5EA2C9004D1C88 /* Sources */ = {
			isa = PBXSourcesBuildPhase;
			buildActionMask = 2147483647;
			files = (
				8408D7991C5EA2C9004D1C88 /* ViewController.m in Sources */,
				8408D7961C5EA2C9004D1C88 /* AppDelegate.m in Sources */,
				8408D7931C5EA2C9004D1C88 /* main.m in Sources */,
				8408D7C61C5EA325004D1C88 /* Human.m in Sources */,
			);
			runOnlyForDeploymentPostprocessing = 0;
		};
		8408D7A31C5EA2C9004D1C88 /* Sources */ = {
			isa = PBXSourcesBuildPhase;
			buildActionMask = 2147483647;
			files = (
				8408D7AC1C5EA2C9004D1C88 /* lesson04_dzTests.m in Sources */,
			);
			runOnlyForDeploymentPostprocessing = 0;
		};
		8408D7AE1C5EA2CA004D1C88 /* Sources */ = {
			isa = PBXSourcesBuildPhase;
			buildActionMask = 2147483647;
			files = (
				8408D7B71C5EA2CA004D1C88 /* lesson04_dzUITests.m in Sources */,
			);
			runOnlyForDeploymentPostprocessing = 0;
		};
/* End PBXSourcesBuildPhase section */

/* Begin PBXTargetDependency section */
		8408D7A91C5EA2C9004D1C88 /* PBXTargetDependency */ = {
			isa = PBXTargetDependency;
			target = 8408D78D1C5EA2C9004D1C88 /* lesson04_dz */;
			targetProxy = 8408D7A81C5EA2C9004D1C88 /* PBXContainerItemProxy */;
		};
		8408D7B41C5EA2CA004D1C88 /* PBXTargetDependency */ = {
			isa = PBXTargetDependency;
			target = 8408D78D1C5EA2C9004D1C88 /* lesson04_dz */;
			targetProxy = 8408D7B31C5EA2CA004D1C88 /* PBXContainerItemProxy */;
		};
/* End PBXTargetDependency section */

/* Begin PBXVariantGroup section */
		8408D79A1C5EA2C9004D1C88 /* Main.storyboard */ = {
			isa = PBXVariantGroup;
			children = (
				8408D79B1C5EA2C9004D1C88 /* Base */,
			);
			name = Main.storyboard;
			sourceTree = "<group>";
		};
		8408D79F1C5EA2C9004D1C88 /* LaunchScreen.storyboard */ = {
			isa = PBXVariantGroup;
			children = (
				8408D7A01C5EA2C9004D1C88 /* Base */,
			);
			name = LaunchScreen.storyboard;
			sourceTree = "<group>";
		};
/* End PBXVariantGroup section */

/* Begin XCBuildConfiguration section */
		8408D7B91C5EA2CA004D1C88 /* Debug */ = {
			isa = XCBuildConfiguration;
			buildSettings = {
				ALWAYS_SEARCH_USER_PATHS = NO;
				CLANG_CXX_LANGUAGE_STANDARD = "gnu++0x";
				CLANG_CXX_LIBRARY = "libc++";
				CLANG_ENABLE_MODULES = YES;
				CLANG_ENABLE_OBJC_ARC = YES;
				CLANG_WARN_BOOL_CONVERSION = YES;
				CLANG_WARN_CONSTANT_CONVERSION = YES;
				CLANG_WARN_DIRECT_OBJC_ISA_USAGE = YES_ERROR;
				CLANG_WARN_EMPTY_BODY = YES;
				CLANG_WARN_ENUM_CONVERSION = YES;
				CLANG_WARN_INT_CONVERSION = YES;
				CLANG_WARN_OBJC_ROOT_CLASS = YES_ERROR;
				CLANG_WARN_UNREACHABLE_CODE = YES;
				CLANG_WARN__DUPLICATE_METHOD_MATCH = YES;
				"CODE_SIGN_IDENTITY[sdk=iphoneos*]" = "iPhone Developer";
				COPY_PHASE_STRIP = NO;
				DEBUG_INFORMATION_FORMAT = dwarf;
				ENABLE_STRICT_OBJC_MSGSEND = YES;
				ENABLE_TESTABILITY = YES;
				GCC_C_LANGUAGE_STANDARD = gnu99;
				GCC_DYNAMIC_NO_PIC = NO;
				GCC_NO_COMMON_BLOCKS = YES;
				GCC_OPTIMIZATION_LEVEL = 0;
				GCC_PREPROCESSOR_DEFINITIONS = (
					"DEBUG=1",
					"$(inherited)",
				);
				GCC_WARN_64_TO_32_BIT_CONVERSION = YES;
				GCC_WARN_ABOUT_RETURN_TYPE = YES_ERROR;
				GCC_WARN_UNDECLARED_SELECTOR = YES;
				GCC_WARN_UNINITIALIZED_AUTOS = YES_AGGRESSIVE;
				GCC_WARN_UNUSED_FUNCTION = YES;
				GCC_WARN_UNUSED_VARIABLE = YES;
				IPHONEOS_DEPLOYMENT_TARGET = 9.2;
				MTL_ENABLE_DEBUG_INFO = YES;
				ONLY_ACTIVE_ARCH = YES;
				SDKROOT = iphoneos;
				TARGETED_DEVICE_FAMILY = "1,2";
			};
			name = Debug;
		};
		8408D7BA1C5EA2CA004D1C88 /* Release */ = {
			isa = XCBuildConfiguration;
			buildSettings = {
				ALWAYS_SEARCH_USER_PATHS = NO;
				CLANG_CXX_LANGUAGE_STANDARD = "gnu++0x";
				CLANG_CXX_LIBRARY = "libc++";
				CLANG_ENABLE_MODULES = YES;
				CLANG_ENABLE_OBJC_ARC = YES;
				CLANG_WARN_BOOL_CONVERSION = YES;
				CLANG_WARN_CONSTANT_CONVERSION = YES;
				CLANG_WARN_DIRECT_OBJC_ISA_USAGE = YES_ERROR;
				CLANG_WARN_EMPTY_BODY = YES;
				CLANG_WARN_ENUM_CONVERSION = YES;
				CLANG_WARN_INT_CONVERSION = YES;
				CLANG_WARN_OBJC_ROOT_CLASS = YES_ERROR;
				CLANG_WARN_UNREACHABLE_CODE = YES;
				CLANG_WARN__DUPLICATE_METHOD_MATCH = YES;
				"CODE_SIGN_IDENTITY[sdk=iphoneos*]" = "iPhone Developer";
				COPY_PHASE_STRIP = NO;
				DEBUG_INFORMATION_FORMAT = "dwarf-with-dsym";
				ENABLE_NS_ASSERTIONS = NO;
				ENABLE_STRICT_OBJC_MSGSEND = YES;
				GCC_C_LANGUAGE_STANDARD = gnu99;
				GCC_NO_COMMON_BLOCKS = YES;
				GCC_WARN_64_TO_32_BIT_CONVERSION = YES;
				GCC_WARN_ABOUT_RETURN_TYPE = YES_ERROR;
				GCC_WARN_UNDECLARED_SELECTOR = YES;
				GCC_WARN_UNINITIALIZED_AUTOS = YES_AGGRESSIVE;
				GCC_WARN_UNUSED_FUNCTION = YES;
				GCC_WARN_UNUSED_VARIABLE = YES;
				IPHONEOS_DEPLOYMENT_TARGET = 9.2;
				MTL_ENABLE_DEBUG_INFO = NO;
				SDKROOT = iphoneos;
				TARGETED_DEVICE_FAMILY = "1,2";
				VALIDATE_PRODUCT = YES;
			};
			name = Release;
		};
		8408D7BC1C5EA2CA004D1C88 /* Debug */ = {
			isa = XCBuildConfiguration;
			buildSettings = {
				ASSETCATALOG_COMPILER_APPICON_NAME = AppIcon;
				INFOPLIST_FILE = lesson04_dz/Info.plist;
				LD_RUNPATH_SEARCH_PATHS = "$(inherited) @executable_path/Frameworks";
				PRODUCT_BUNDLE_IDENTIFIER = "AK.lesson04-dz";
				PRODUCT_NAME = "$(TARGET_NAME)";
			};
			name = Debug;
		};
		8408D7BD1C5EA2CA004D1C88 /* Release */ = {
			isa = XCBuildConfiguration;
			buildSettings = {
				ASSETCATALOG_COMPILER_APPICON_NAME = AppIcon;
				INFOPLIST_FILE = lesson04_dz/Info.plist;
				LD_RUNPATH_SEARCH_PATHS = "$(inherited) @executable_path/Frameworks";
				PRODUCT_BUNDLE_IDENTIFIER = "AK.lesson04-dz";
				PRODUCT_NAME = "$(TARGET_NAME)";
			};
			name = Release;
		};
		8408D7BF1C5EA2CA004D1C88 /* Debug */ = {
			isa = XCBuildConfiguration;
			buildSettings = {
				BUNDLE_LOADER = "$(TEST_HOST)";
				INFOPLIST_FILE = lesson04_dzTests/Info.plist;
				LD_RUNPATH_SEARCH_PATHS = "$(inherited) @executable_path/Frameworks @loader_path/Frameworks";
				PRODUCT_BUNDLE_IDENTIFIER = "AK.lesson04-dzTests";
				PRODUCT_NAME = "$(TARGET_NAME)";
				TEST_HOST = "$(BUILT_PRODUCTS_DIR)/lesson04_dz.app/lesson04_dz";
			};
			name = Debug;
		};
		8408D7C01C5EA2CA004D1C88 /* Release */ = {
			isa = XCBuildConfiguration;
			buildSettings = {
				BUNDLE_LOADER = "$(TEST_HOST)";
				INFOPLIST_FILE = lesson04_dzTests/Info.plist;
				LD_RUNPATH_SEARCH_PATHS = "$(inherited) @executable_path/Frameworks @loader_path/Frameworks";
				PRODUCT_BUNDLE_IDENTIFIER = "AK.lesson04-dzTests";
				PRODUCT_NAME = "$(TARGET_NAME)";
				TEST_HOST = "$(BUILT_PRODUCTS_DIR)/lesson04_dz.app/lesson04_dz";
			};
			name = Release;
		};
		8408D7C21C5EA2CA004D1C88 /* Debug */ = {
			isa = XCBuildConfiguration;
			buildSettings = {
				INFOPLIST_FILE = lesson04_dzUITests/Info.plist;
				LD_RUNPATH_SEARCH_PATHS = "$(inherited) @executable_path/Frameworks @loader_path/Frameworks";
				PRODUCT_BUNDLE_IDENTIFIER = "AK.lesson04-dzUITests";
				PRODUCT_NAME = "$(TARGET_NAME)";
				TEST_TARGET_NAME = lesson04_dz;
				USES_XCTRUNNER = YES;
			};
			name = Debug;
		};
		8408D7C31C5EA2CA004D1C88 /* Release */ = {
			isa = XCBuildConfiguration;
			buildSettings = {
				INFOPLIST_FILE = lesson04_dzUITests/Info.plist;
				LD_RUNPATH_SEARCH_PATHS = "$(inherited) @executable_path/Frameworks @loader_path/Frameworks";
				PRODUCT_BUNDLE_IDENTIFIER = "AK.lesson04-dzUITests";
				PRODUCT_NAME = "$(TARGET_NAME)";
				TEST_TARGET_NAME = lesson04_dz;
				USES_XCTRUNNER = YES;
			};
			name = Release;
		};
/* End XCBuildConfiguration section */

/* Begin XCConfigurationList section */
		8408D7891C5EA2C9004D1C88 /* Build configuration list for PBXProject "lesson04_dz" */ = {
			isa = XCConfigurationList;
			buildConfigurations = (
				8408D7B91C5EA2CA004D1C88 /* Debug */,
				8408D7BA1C5EA2CA004D1C88 /* Release */,
			);
			defaultConfigurationIsVisible = 0;
			defaultConfigurationName = Release;
		};
		8408D7BB1C5EA2CA004D1C88 /* Build configuration list for PBXNativeTarget "lesson04_dz" */ = {
			isa = XCConfigurationList;
			buildConfigurations = (
				8408D7BC1C5EA2CA004D1C88 /* Debug */,
				8408D7BD1C5EA2CA004D1C88 /* Release */,
			);
			defaultConfigurationIsVisible = 0;
		};
		8408D7BE1C5EA2CA004D1C88 /* Build configuration list for PBXNativeTarget "lesson04_dzTests" */ = {
			isa = XCConfigurationList;
			buildConfigurations = (
				8408D7BF1C5EA2CA004D1C88 /* Debug */,
				8408D7C01C5EA2CA004D1C88 /* Release */,
			);
			defaultConfigurationIsVisible = 0;
		};
		8408D7C11C5EA2CA004D1C88 /* Build configuration list for PBXNativeTarget "lesson04_dzUITests" */ = {
			isa = XCConfigurationList;
			buildConfigurations = (
				8408D7C21C5EA2CA004D1C88 /* Debug */,
				8408D7C31C5EA2CA004D1C88 /* Release */,
			);
			defaultConfigurationIsVisible = 0;
		};
/* End XCConfigurationList section */
	};
	rootObject = 8408D7861C5EA2C9004D1C88 /* Project object */;
}
