// !$*UTF8*$!
{
	archiveVersion = 1;
	classes = {
	};
	objectVersion = 46;
	objects = {

/* Begin PBXBuildFile section */
		E6AE10E31C749F6800AB06F2 /* main.m in Sources */ = {isa = PBXBuildFile; fileRef = E6AE10E21C749F6800AB06F2 /* main.m */; };
		E6AE10E61C749F6800AB06F2 /* AppDelegate.m in Sources */ = {isa = PBXBuildFile; fileRef = E6AE10E51C749F6800AB06F2 /* AppDelegate.m */; };
		E6AE10E91C749F6800AB06F2 /* ViewController.m in Sources */ = {isa = PBXBuildFile; fileRef = E6AE10E81C749F6800AB06F2 /* ViewController.m */; };
		E6AE10EC1C749F6800AB06F2 /* Main.storyboard in Resources */ = {isa = PBXBuildFile; fileRef = E6AE10EA1C749F6800AB06F2 /* Main.storyboard */; };
		E6AE10EE1C749F6800AB06F2 /* Assets.xcassets in Resources */ = {isa = PBXBuildFile; fileRef = E6AE10ED1C749F6800AB06F2 /* Assets.xcassets */; };
		E6AE10F11C749F6800AB06F2 /* LaunchScreen.storyboard in Resources */ = {isa = PBXBuildFile; fileRef = E6AE10EF1C749F6800AB06F2 /* LaunchScreen.storyboard */; };
		E6AE10FA1C74A56600AB06F2 /* Student.m in Sources */ = {isa = PBXBuildFile; fileRef = E6AE10F91C74A56600AB06F2 /* Student.m */; };
/* End PBXBuildFile section */

/* Begin PBXFileReference section */
		E6AE10DE1C749F6800AB06F2 /* TypesTest.app */ = {isa = PBXFileReference; explicitFileType = wrapper.application; includeInIndex = 0; path = TypesTest.app; sourceTree = BUILT_PRODUCTS_DIR; };
		E6AE10E21C749F6800AB06F2 /* main.m */ = {isa = PBXFileReference; lastKnownFileType = sourcecode.c.objc; path = main.m; sourceTree = "<group>"; };
		E6AE10E41C749F6800AB06F2 /* AppDelegate.h */ = {isa = PBXFileReference; lastKnownFileType = sourcecode.c.h; path = AppDelegate.h; sourceTree = "<group>"; };
		E6AE10E51C749F6800AB06F2 /* AppDelegate.m */ = {isa = PBXFileReference; lastKnownFileType = sourcecode.c.objc; path = AppDelegate.m; sourceTree = "<group>"; };
		E6AE10E71C749F6800AB06F2 /* ViewController.h */ = {isa = PBXFileReference; lastKnownFileType = sourcecode.c.h; path = ViewController.h; sourceTree = "<group>"; };
		E6AE10E81C749F6800AB06F2 /* ViewController.m */ = {isa = PBXFileReference; lastKnownFileType = sourcecode.c.objc; path = ViewController.m; sourceTree = "<group>"; };
		E6AE10EB1C749F6800AB06F2 /* Base */ = {isa = PBXFileReference; lastKnownFileType = file.storyboard; name = Base; path = Base.lproj/Main.storyboard; sourceTree = "<group>"; };
		E6AE10ED1C749F6800AB06F2 /* Assets.xcassets */ = {isa = PBXFileReference; lastKnownFileType = folder.assetcatalog; path = Assets.xcassets; sourceTree = "<group>"; };
		E6AE10F01C749F6800AB06F2 /* Base */ = {isa = PBXFileReference; lastKnownFileType = file.storyboard; name = Base; path = Base.lproj/LaunchScreen.storyboard; sourceTree = "<group>"; };
		E6AE10F21C749F6800AB06F2 /* Info.plist */ = {isa = PBXFileReference; lastKnownFileType = text.plist.xml; path = Info.plist; sourceTree = "<group>"; };
		E6AE10F81C74A56600AB06F2 /* Student.h */ = {isa = PBXFileReference; fileEncoding = 4; lastKnownFileType = sourcecode.c.h; path = Student.h; sourceTree = "<group>"; };
		E6AE10F91C74A56600AB06F2 /* Student.m */ = {isa = PBXFileReference; fileEncoding = 4; lastKnownFileType = sourcecode.c.objc; path = Student.m; sourceTree = "<group>"; };
/* End PBXFileReference section */

/* Begin PBXFrameworksBuildPhase section */
		E6AE10DB1C749F6800AB06F2 /* Frameworks */ = {
			isa = PBXFrameworksBuildPhase;
			buildActionMask = 2147483647;
			files = (
			);
			runOnlyForDeploymentPostprocessing = 0;
		};
/* End PBXFrameworksBuildPhase section */

/* Begin PBXGroup section */
		E6AE10D51C749F6800AB06F2 = {
			isa = PBXGroup;
			children = (
				E6AE10E01C749F6800AB06F2 /* TypesTest */,
				E6AE10DF1C749F6800AB06F2 /* Products */,
			);
			sourceTree = "<group>";
		};
		E6AE10DF1C749F6800AB06F2 /* Products */ = {
			isa = PBXGroup;
			children = (
				E6AE10DE1C749F6800AB06F2 /* TypesTest.app */,
			);
			name = Products;
			sourceTree = "<group>";
		};
		E6AE10E01C749F6800AB06F2 /* TypesTest */ = {
			isa = PBXGroup;
			children = (
				E6AE10F81C74A56600AB06F2 /* Student.h */,
				E6AE10F91C74A56600AB06F2 /* Student.m */,
				E6AE10E41C749F6800AB06F2 /* AppDelegate.h */,
				E6AE10E51C749F6800AB06F2 /* AppDelegate.m */,
				E6AE10E71C749F6800AB06F2 /* ViewController.h */,
				E6AE10E81C749F6800AB06F2 /* ViewController.m */,
				E6AE10EA1C749F6800AB06F2 /* Main.storyboard */,
				E6AE10ED1C749F6800AB06F2 /* Assets.xcassets */,
				E6AE10EF1C749F6800AB06F2 /* LaunchScreen.storyboard */,
				E6AE10F21C749F6800AB06F2 /* Info.plist */,
				E6AE10E11C749F6800AB06F2 /* Supporting Files */,
			);
			path = TypesTest;
			sourceTree = "<group>";
		};
		E6AE10E11C749F6800AB06F2 /* Supporting Files */ = {
			isa = PBXGroup;
			children = (
				E6AE10E21C749F6800AB06F2 /* main.m */,
			);
			name = "Supporting Files";
			sourceTree = "<group>";
		};
/* End PBXGroup section */

/* Begin PBXNativeTarget section */
		E6AE10DD1C749F6800AB06F2 /* TypesTest */ = {
			isa = PBXNativeTarget;
			buildConfigurationList = E6AE10F51C749F6800AB06F2 /* Build configuration list for PBXNativeTarget "TypesTest" */;
			buildPhases = (
				E6AE10DA1C749F6800AB06F2 /* Sources */,
				E6AE10DB1C749F6800AB06F2 /* Frameworks */,
				E6AE10DC1C749F6800AB06F2 /* Resources */,
			);
			buildRules = (
			);
			dependencies = (
			);
			name = TypesTest;
			productName = TypesTest;
			productReference = E6AE10DE1C749F6800AB06F2 /* TypesTest.app */;
			productType = "com.apple.product-type.application";
		};
/* End PBXNativeTarget section */

/* Begin PBXProject section */
		E6AE10D61C749F6800AB06F2 /* Project object */ = {
			isa = PBXProject;
			attributes = {
				LastUpgradeCheck = 0720;
				ORGANIZATIONNAME = Andrian;
				TargetAttributes = {
					E6AE10DD1C749F6800AB06F2 = {
						CreatedOnToolsVersion = 7.2;
						DevelopmentTeam = 485AHD53BQ;
					};
				};
			};
			buildConfigurationList = E6AE10D91C749F6800AB06F2 /* Build configuration list for PBXProject "TypesTest" */;
			compatibilityVersion = "Xcode 3.2";
			developmentRegion = English;
			hasScannedForEncodings = 0;
			knownRegions = (
				en,
				Base,
			);
			mainGroup = E6AE10D51C749F6800AB06F2;
			productRefGroup = E6AE10DF1C749F6800AB06F2 /* Products */;
			projectDirPath = "";
			projectRoot = "";
			targets = (
				E6AE10DD1C749F6800AB06F2 /* TypesTest */,
			);
		};
/* End PBXProject section */

/* Begin PBXResourcesBuildPhase section */
		E6AE10DC1C749F6800AB06F2 /* Resources */ = {
			isa = PBXResourcesBuildPhase;
			buildActionMask = 2147483647;
			files = (
				E6AE10F11C749F6800AB06F2 /* LaunchScreen.storyboard in Resources */,
				E6AE10EE1C749F6800AB06F2 /* Assets.xcassets in Resources */,
				E6AE10EC1C749F6800AB06F2 /* Main.storyboard in Resources */,
			);
			runOnlyForDeploymentPostprocessing = 0;
		};
/* End PBXResourcesBuildPhase section */

/* Begin PBXSourcesBuildPhase section */
		E6AE10DA1C749F6800AB06F2 /* Sources */ = {
			isa = PBXSourcesBuildPhase;
			buildActionMask = 2147483647;
			files = (
				E6AE10E91C749F6800AB06F2 /* ViewController.m in Sources */,
				E6AE10E61C749F6800AB06F2 /* AppDelegate.m in Sources */,
				E6AE10E31C749F6800AB06F2 /* main.m in Sources */,
				E6AE10FA1C74A56600AB06F2 /* Student.m in Sources */,
			);
			runOnlyForDeploymentPostprocessing = 0;
		};
/* End PBXSourcesBuildPhase section */

/* Begin PBXVariantGroup section */
		E6AE10EA1C749F6800AB06F2 /* Main.storyboard */ = {
			isa = PBXVariantGroup;
			children = (
				E6AE10EB1C749F6800AB06F2 /* Base */,
			);
			name = Main.storyboard;
			sourceTree = "<group>";
		};
		E6AE10EF1C749F6800AB06F2 /* LaunchScreen.storyboard */ = {
			isa = PBXVariantGroup;
			children = (
				E6AE10F01C749F6800AB06F2 /* Base */,
			);
			name = LaunchScreen.storyboard;
			sourceTree = "<group>";
		};
/* End PBXVariantGroup section */

/* Begin XCBuildConfiguration section */
		E6AE10F31C749F6800AB06F2 /* Debug */ = {
			isa = XCBuildConfiguration;
			buildSettings = {
				ALWAYS_SEARCH_USER_PATHS = NO;
				CLANG_CXX_LANGUAGE_STANDARD = "gnu++0x";
				CLANG_CXX_LIBRARY = "libc++";
				CLANG_ENABLE_MODULES = YES;
				CLANG_ENABLE_OBJC_ARC = YES;
				CLANG_WARN_BOOL_CONVERSION = YES;
				CLANG_WARN_CONSTANT_CONVERSION = YES;
				CLANG_WARN_DIRECT_OBJC_ISA_USAGE = YES_ERROR;
				CLANG_WARN_EMPTY_BODY = YES;
				CLANG_WARN_ENUM_CONVERSION = YES;
				CLANG_WARN_INT_CONVERSION = YES;
				CLANG_WARN_OBJC_ROOT_CLASS = YES_ERROR;
				CLANG_WARN_UNREACHABLE_CODE = YES;
				CLANG_WARN__DUPLICATE_METHOD_MATCH = YES;
				"CODE_SIGN_IDENTITY[sdk=iphoneos*]" = "iPhone Developer";
				COPY_PHASE_STRIP = NO;
				DEBUG_INFORMATION_FORMAT = dwarf;
				ENABLE_STRICT_OBJC_MSGSEND = YES;
				ENABLE_TESTABILITY = YES;
				GCC_C_LANGUAGE_STANDARD = gnu99;
				GCC_DYNAMIC_NO_PIC = NO;
				GCC_NO_COMMON_BLOCKS = YES;
				GCC_OPTIMIZATION_LEVEL = 0;
				GCC_PREPROCESSOR_DEFINITIONS = (
					"DEBUG=1",
					"$(inherited)",
				);
				GCC_WARN_64_TO_32_BIT_CONVERSION = YES;
				GCC_WARN_ABOUT_RETURN_TYPE = YES_ERROR;
				GCC_WARN_UNDECLARED_SELECTOR = YES;
				GCC_WARN_UNINITIALIZED_AUTOS = YES_AGGRESSIVE;
				GCC_WARN_UNUSED_FUNCTION = YES;
				GCC_WARN_UNUSED_VARIABLE = YES;
				IPHONEOS_DEPLOYMENT_TARGET = 9.2;
				MTL_ENABLE_DEBUG_INFO = YES;
				ONLY_ACTIVE_ARCH = YES;
				SDKROOT = iphoneos;
				TARGETED_DEVICE_FAMILY = "1,2";
			};
			name = Debug;
		};
		E6AE10F41C749F6800AB06F2 /* Release */ = {
			isa = XCBuildConfiguration;
			buildSettings = {
				ALWAYS_SEARCH_USER_PATHS = NO;
				CLANG_CXX_LANGUAGE_STANDARD = "gnu++0x";
				CLANG_CXX_LIBRARY = "libc++";
				CLANG_ENABLE_MODULES = YES;
				CLANG_ENABLE_OBJC_ARC = YES;
				CLANG_WARN_BOOL_CONVERSION = YES;
				CLANG_WARN_CONSTANT_CONVERSION = YES;
				CLANG_WARN_DIRECT_OBJC_ISA_USAGE = YES_ERROR;
				CLANG_WARN_EMPTY_BODY = YES;
				CLANG_WARN_ENUM_CONVERSION = YES;
				CLANG_WARN_INT_CONVERSION = YES;
				CLANG_WARN_OBJC_ROOT_CLASS = YES_ERROR;
				CLANG_WARN_UNREACHABLE_CODE = YES;
				CLANG_WARN__DUPLICATE_METHOD_MATCH = YES;
				"CODE_SIGN_IDENTITY[sdk=iphoneos*]" = "iPhone Developer";
				COPY_PHASE_STRIP = NO;
				DEBUG_INFORMATION_FORMAT = "dwarf-with-dsym";
				ENABLE_NS_ASSERTIONS = NO;
				ENABLE_STRICT_OBJC_MSGSEND = YES;
				GCC_C_LANGUAGE_STANDARD = gnu99;
				GCC_NO_COMMON_BLOCKS = YES;
				GCC_WARN_64_TO_32_BIT_CONVERSION = YES;
				GCC_WARN_ABOUT_RETURN_TYPE = YES_ERROR;
				GCC_WARN_UNDECLARED_SELECTOR = YES;
				GCC_WARN_UNINITIALIZED_AUTOS = YES_AGGRESSIVE;
				GCC_WARN_UNUSED_FUNCTION = YES;
				GCC_WARN_UNUSED_VARIABLE = YES;
				IPHONEOS_DEPLOYMENT_TARGET = 9.2;
				MTL_ENABLE_DEBUG_INFO = NO;
				SDKROOT = iphoneos;
				TARGETED_DEVICE_FAMILY = "1,2";
				VALIDATE_PRODUCT = YES;
			};
			name = Release;
		};
		E6AE10F61C749F6800AB06F2 /* Debug */ = {
			isa = XCBuildConfiguration;
			buildSettings = {
				ASSETCATALOG_COMPILER_APPICON_NAME = AppIcon;
				INFOPLIST_FILE = TypesTest/Info.plist;
				LD_RUNPATH_SEARCH_PATHS = "$(inherited) @executable_path/Frameworks";
				PRODUCT_BUNDLE_IDENTIFIER = com.andriankryk.TypesTest;
				PRODUCT_NAME = "$(TARGET_NAME)";
			};
			name = Debug;
		};
		E6AE10F71C749F6800AB06F2 /* Release */ = {
			isa = XCBuildConfiguration;
			buildSettings = {
				ASSETCATALOG_COMPILER_APPICON_NAME = AppIcon;
				INFOPLIST_FILE = TypesTest/Info.plist;
				LD_RUNPATH_SEARCH_PATHS = "$(inherited) @executable_path/Frameworks";
				PRODUCT_BUNDLE_IDENTIFIER = com.andriankryk.TypesTest;
				PRODUCT_NAME = "$(TARGET_NAME)";
			};
			name = Release;
		};
/* End XCBuildConfiguration section */

/* Begin XCConfigurationList section */
		E6AE10D91C749F6800AB06F2 /* Build configuration list for PBXProject "TypesTest" */ = {
			isa = XCConfigurationList;
			buildConfigurations = (
				E6AE10F31C749F6800AB06F2 /* Debug */,
				E6AE10F41C749F6800AB06F2 /* Release */,
			);
			defaultConfigurationIsVisible = 0;
			defaultConfigurationName = Release;
		};
		E6AE10F51C749F6800AB06F2 /* Build configuration list for PBXNativeTarget "TypesTest" */ = {
			isa = XCConfigurationList;
			buildConfigurations = (
				E6AE10F61C749F6800AB06F2 /* Debug */,
				E6AE10F71C749F6800AB06F2 /* Release */,
			);
			defaultConfigurationIsVisible = 0;
		};
/* End XCConfigurationList section */
	};
	rootObject = E6AE10D61C749F6800AB06F2 /* Project object */;
}
