// !$*UTF8*$!
{
	archiveVersion = 1;
	classes = {
	};
	objectVersion = 46;
	objects = {

/* Begin PBXBuildFile section */
		E6EDB3931DEDDB3C000E76F7 /* main.m in Sources */ = {isa = PBXBuildFile; fileRef = E6EDB3921DEDDB3C000E76F7 /* main.m */; };
		E6EDB3961DEDDB3C000E76F7 /* AppDelegate.m in Sources */ = {isa = PBXBuildFile; fileRef = E6EDB3951DEDDB3C000E76F7 /* AppDelegate.m */; };
		E6EDB3991DEDDB3C000E76F7 /* ViewController.m in Sources */ = {isa = PBXBuildFile; fileRef = E6EDB3981DEDDB3C000E76F7 /* ViewController.m */; };
		E6EDB39C1DEDDB3C000E76F7 /* Main.storyboard in Resources */ = {isa = PBXBuildFile; fileRef = E6EDB39A1DEDDB3C000E76F7 /* Main.storyboard */; };
		E6EDB39E1DEDDB3C000E76F7 /* Assets.xcassets in Resources */ = {isa = PBXBuildFile; fileRef = E6EDB39D1DEDDB3C000E76F7 /* Assets.xcassets */; };
		E6EDB3A11DEDDB3C000E76F7 /* LaunchScreen.storyboard in Resources */ = {isa = PBXBuildFile; fileRef = E6EDB39F1DEDDB3C000E76F7 /* LaunchScreen.storyboard */; };
		E6EDB3AA1DEDDB64000E76F7 /* Human.m in Sources */ = {isa = PBXBuildFile; fileRef = E6EDB3A91DEDDB64000E76F7 /* Human.m */; };
		E6EDB3AD1DEDDD16000E76F7 /* Cyclist.m in Sources */ = {isa = PBXBuildFile; fileRef = E6EDB3AC1DEDDD16000E76F7 /* Cyclist.m */; };
		E6EDB3B01DEDDD51000E76F7 /* Runner.m in Sources */ = {isa = PBXBuildFile; fileRef = E6EDB3AF1DEDDD51000E76F7 /* Runner.m */; };
		E6EDB3B31DEDDD78000E76F7 /* Swimmer.m in Sources */ = {isa = PBXBuildFile; fileRef = E6EDB3B21DEDDD78000E76F7 /* Swimmer.m */; };
		E6EDB3B61DEDE543000E76F7 /* Dancer.m in Sources */ = {isa = PBXBuildFile; fileRef = E6EDB3B51DEDE543000E76F7 /* Dancer.m */; };
		E6EDB3BC1DEDF10D000E76F7 /* Animal.m in Sources */ = {isa = PBXBuildFile; fileRef = E6EDB3BB1DEDF10D000E76F7 /* Animal.m */; };
		E6EDB3C21DEDF251000E76F7 /* Cow.m in Sources */ = {isa = PBXBuildFile; fileRef = E6EDB3C11DEDF251000E76F7 /* Cow.m */; };
		E6EDB3C51DEDF286000E76F7 /* Cat.m in Sources */ = {isa = PBXBuildFile; fileRef = E6EDB3C41DEDF286000E76F7 /* Cat.m */; };
/* End PBXBuildFile section */

/* Begin PBXFileReference section */
		E6EDB38E1DEDDB3C000E76F7 /* dz.app */ = {isa = PBXFileReference; explicitFileType = wrapper.application; includeInIndex = 0; path = dz.app; sourceTree = BUILT_PRODUCTS_DIR; };
		E6EDB3921DEDDB3C000E76F7 /* main.m */ = {isa = PBXFileReference; lastKnownFileType = sourcecode.c.objc; path = main.m; sourceTree = "<group>"; };
		E6EDB3941DEDDB3C000E76F7 /* AppDelegate.h */ = {isa = PBXFileReference; lastKnownFileType = sourcecode.c.h; path = AppDelegate.h; sourceTree = "<group>"; };
		E6EDB3951DEDDB3C000E76F7 /* AppDelegate.m */ = {isa = PBXFileReference; lastKnownFileType = sourcecode.c.objc; path = AppDelegate.m; sourceTree = "<group>"; };
		E6EDB3971DEDDB3C000E76F7 /* ViewController.h */ = {isa = PBXFileReference; lastKnownFileType = sourcecode.c.h; path = ViewController.h; sourceTree = "<group>"; };
		E6EDB3981DEDDB3C000E76F7 /* ViewController.m */ = {isa = PBXFileReference; lastKnownFileType = sourcecode.c.objc; path = ViewController.m; sourceTree = "<group>"; };
		E6EDB39B1DEDDB3C000E76F7 /* Base */ = {isa = PBXFileReference; lastKnownFileType = file.storyboard; name = Base; path = Base.lproj/Main.storyboard; sourceTree = "<group>"; };
		E6EDB39D1DEDDB3C000E76F7 /* Assets.xcassets */ = {isa = PBXFileReference; lastKnownFileType = folder.assetcatalog; path = Assets.xcassets; sourceTree = "<group>"; };
		E6EDB3A01DEDDB3C000E76F7 /* Base */ = {isa = PBXFileReference; lastKnownFileType = file.storyboard; name = Base; path = Base.lproj/LaunchScreen.storyboard; sourceTree = "<group>"; };
		E6EDB3A21DEDDB3C000E76F7 /* Info.plist */ = {isa = PBXFileReference; lastKnownFileType = text.plist.xml; path = Info.plist; sourceTree = "<group>"; };
		E6EDB3A81DEDDB64000E76F7 /* Human.h */ = {isa = PBXFileReference; fileEncoding = 4; lastKnownFileType = sourcecode.c.h; path = Human.h; sourceTree = "<group>"; };
		E6EDB3A91DEDDB64000E76F7 /* Human.m */ = {isa = PBXFileReference; fileEncoding = 4; lastKnownFileType = sourcecode.c.objc; path = Human.m; sourceTree = "<group>"; };
		E6EDB3AB1DEDDD16000E76F7 /* Cyclist.h */ = {isa = PBXFileReference; fileEncoding = 4; lastKnownFileType = sourcecode.c.h; path = Cyclist.h; sourceTree = "<group>"; };
		E6EDB3AC1DEDDD16000E76F7 /* Cyclist.m */ = {isa = PBXFileReference; fileEncoding = 4; lastKnownFileType = sourcecode.c.objc; path = Cyclist.m; sourceTree = "<group>"; };
		E6EDB3AE1DEDDD51000E76F7 /* Runner.h */ = {isa = PBXFileReference; fileEncoding = 4; lastKnownFileType = sourcecode.c.h; path = Runner.h; sourceTree = "<group>"; };
		E6EDB3AF1DEDDD51000E76F7 /* Runner.m */ = {isa = PBXFileReference; fileEncoding = 4; lastKnownFileType = sourcecode.c.objc; path = Runner.m; sourceTree = "<group>"; };
		E6EDB3B11DEDDD78000E76F7 /* Swimmer.h */ = {isa = PBXFileReference; fileEncoding = 4; lastKnownFileType = sourcecode.c.h; path = Swimmer.h; sourceTree = "<group>"; };
		E6EDB3B21DEDDD78000E76F7 /* Swimmer.m */ = {isa = PBXFileReference; fileEncoding = 4; lastKnownFileType = sourcecode.c.objc; path = Swimmer.m; sourceTree = "<group>"; };
		E6EDB3B41DEDE543000E76F7 /* Dancer.h */ = {isa = PBXFileReference; fileEncoding = 4; lastKnownFileType = sourcecode.c.h; path = Dancer.h; sourceTree = "<group>"; };
		E6EDB3B51DEDE543000E76F7 /* Dancer.m */ = {isa = PBXFileReference; fileEncoding = 4; lastKnownFileType = sourcecode.c.objc; path = Dancer.m; sourceTree = "<group>"; };
		E6EDB3BA1DEDF10D000E76F7 /* Animal.h */ = {isa = PBXFileReference; fileEncoding = 4; lastKnownFileType = sourcecode.c.h; path = Animal.h; sourceTree = "<group>"; };
		E6EDB3BB1DEDF10D000E76F7 /* Animal.m */ = {isa = PBXFileReference; fileEncoding = 4; lastKnownFileType = sourcecode.c.objc; path = Animal.m; sourceTree = "<group>"; };
		E6EDB3C01DEDF251000E76F7 /* Cow.h */ = {isa = PBXFileReference; fileEncoding = 4; lastKnownFileType = sourcecode.c.h; name = Cow.h; path = ../Cow.h; sourceTree = "<group>"; };
		E6EDB3C11DEDF251000E76F7 /* Cow.m */ = {isa = PBXFileReference; fileEncoding = 4; lastKnownFileType = sourcecode.c.objc; name = Cow.m; path = ../Cow.m; sourceTree = "<group>"; };
		E6EDB3C31DEDF286000E76F7 /* Cat.h */ = {isa = PBXFileReference; fileEncoding = 4; lastKnownFileType = sourcecode.c.h; path = Cat.h; sourceTree = "<group>"; };
		E6EDB3C41DEDF286000E76F7 /* Cat.m */ = {isa = PBXFileReference; fileEncoding = 4; lastKnownFileType = sourcecode.c.objc; path = Cat.m; sourceTree = "<group>"; };
/* End PBXFileReference section */

/* Begin PBXFrameworksBuildPhase section */
		E6EDB38B1DEDDB3C000E76F7 /* Frameworks */ = {
			isa = PBXFrameworksBuildPhase;
			buildActionMask = 2147483647;
			files = (
			);
			runOnlyForDeploymentPostprocessing = 0;
		};
/* End PBXFrameworksBuildPhase section */

/* Begin PBXGroup section */
		E6EDB3851DEDDB3C000E76F7 = {
			isa = PBXGroup;
			children = (
				E6EDB3901DEDDB3C000E76F7 /* dz */,
				E6EDB38F1DEDDB3C000E76F7 /* Products */,
			);
			sourceTree = "<group>";
		};
		E6EDB38F1DEDDB3C000E76F7 /* Products */ = {
			isa = PBXGroup;
			children = (
				E6EDB38E1DEDDB3C000E76F7 /* dz.app */,
			);
			name = Products;
			sourceTree = "<group>";
		};
		E6EDB3901DEDDB3C000E76F7 /* dz */ = {
			isa = PBXGroup;
			children = (
				E6EDB3B41DEDE543000E76F7 /* Dancer.h */,
				E6EDB3B51DEDE543000E76F7 /* Dancer.m */,
				E6EDB3A81DEDDB64000E76F7 /* Human.h */,
				E6EDB3A91DEDDB64000E76F7 /* Human.m */,
				E6EDB3AB1DEDDD16000E76F7 /* Cyclist.h */,
				E6EDB3AC1DEDDD16000E76F7 /* Cyclist.m */,
				E6EDB3AE1DEDDD51000E76F7 /* Runner.h */,
				E6EDB3AF1DEDDD51000E76F7 /* Runner.m */,
				E6EDB3B11DEDDD78000E76F7 /* Swimmer.h */,
				E6EDB3B21DEDDD78000E76F7 /* Swimmer.m */,
				E6EDB3941DEDDB3C000E76F7 /* AppDelegate.h */,
				E6EDB3951DEDDB3C000E76F7 /* AppDelegate.m */,
				E6EDB3BA1DEDF10D000E76F7 /* Animal.h */,
				E6EDB3BB1DEDF10D000E76F7 /* Animal.m */,
				E6EDB3C31DEDF286000E76F7 /* Cat.h */,
				E6EDB3C41DEDF286000E76F7 /* Cat.m */,
				E6EDB3C01DEDF251000E76F7 /* Cow.h */,
				E6EDB3C11DEDF251000E76F7 /* Cow.m */,
				E6EDB3971DEDDB3C000E76F7 /* ViewController.h */,
				E6EDB3981DEDDB3C000E76F7 /* ViewController.m */,
				E6EDB39A1DEDDB3C000E76F7 /* Main.storyboard */,
				E6EDB39D1DEDDB3C000E76F7 /* Assets.xcassets */,
				E6EDB39F1DEDDB3C000E76F7 /* LaunchScreen.storyboard */,
				E6EDB3A21DEDDB3C000E76F7 /* Info.plist */,
				E6EDB3911DEDDB3C000E76F7 /* Supporting Files */,
			);
			path = dz;
			sourceTree = "<group>";
		};
		E6EDB3911DEDDB3C000E76F7 /* Supporting Files */ = {
			isa = PBXGroup;
			children = (
				E6EDB3921DEDDB3C000E76F7 /* main.m */,
			);
			name = "Supporting Files";
			sourceTree = "<group>";
		};
/* End PBXGroup section */

/* Begin PBXNativeTarget section */
		E6EDB38D1DEDDB3C000E76F7 /* dz */ = {
			isa = PBXNativeTarget;
			buildConfigurationList = E6EDB3A51DEDDB3C000E76F7 /* Build configuration list for PBXNativeTarget "dz" */;
			buildPhases = (
				E6EDB38A1DEDDB3C000E76F7 /* Sources */,
				E6EDB38B1DEDDB3C000E76F7 /* Frameworks */,
				E6EDB38C1DEDDB3C000E76F7 /* Resources */,
			);
			buildRules = (
			);
			dependencies = (
			);
			name = dz;
			productName = dz;
			productReference = E6EDB38E1DEDDB3C000E76F7 /* dz.app */;
			productType = "com.apple.product-type.application";
		};
/* End PBXNativeTarget section */

/* Begin PBXProject section */
		E6EDB3861DEDDB3C000E76F7 /* Project object */ = {
			isa = PBXProject;
			attributes = {
				LastUpgradeCheck = 0800;
				ORGANIZATIONNAME = "Andrian Kryk";
				TargetAttributes = {
					E6EDB38D1DEDDB3C000E76F7 = {
						CreatedOnToolsVersion = 8.0;
						ProvisioningStyle = Automatic;
					};
				};
			};
			buildConfigurationList = E6EDB3891DEDDB3C000E76F7 /* Build configuration list for PBXProject "dz" */;
			compatibilityVersion = "Xcode 3.2";
			developmentRegion = English;
			hasScannedForEncodings = 0;
			knownRegions = (
				en,
				Base,
			);
			mainGroup = E6EDB3851DEDDB3C000E76F7;
			productRefGroup = E6EDB38F1DEDDB3C000E76F7 /* Products */;
			projectDirPath = "";
			projectRoot = "";
			targets = (
				E6EDB38D1DEDDB3C000E76F7 /* dz */,
			);
		};
/* End PBXProject section */

/* Begin PBXResourcesBuildPhase section */
		E6EDB38C1DEDDB3C000E76F7 /* Resources */ = {
			isa = PBXResourcesBuildPhase;
			buildActionMask = 2147483647;
			files = (
				E6EDB3A11DEDDB3C000E76F7 /* LaunchScreen.storyboard in Resources */,
				E6EDB39E1DEDDB3C000E76F7 /* Assets.xcassets in Resources */,
				E6EDB39C1DEDDB3C000E76F7 /* Main.storyboard in Resources */,
			);
			runOnlyForDeploymentPostprocessing = 0;
		};
/* End PBXResourcesBuildPhase section */

/* Begin PBXSourcesBuildPhase section */
		E6EDB38A1DEDDB3C000E76F7 /* Sources */ = {
			isa = PBXSourcesBuildPhase;
			buildActionMask = 2147483647;
			files = (
				E6EDB3C51DEDF286000E76F7 /* Cat.m in Sources */,
				E6EDB3B61DEDE543000E76F7 /* Dancer.m in Sources */,
				E6EDB3C21DEDF251000E76F7 /* Cow.m in Sources */,
				E6EDB3AD1DEDDD16000E76F7 /* Cyclist.m in Sources */,
				E6EDB3B01DEDDD51000E76F7 /* Runner.m in Sources */,
				E6EDB3991DEDDB3C000E76F7 /* ViewController.m in Sources */,
				E6EDB3961DEDDB3C000E76F7 /* AppDelegate.m in Sources */,
				E6EDB3931DEDDB3C000E76F7 /* main.m in Sources */,
				E6EDB3BC1DEDF10D000E76F7 /* Animal.m in Sources */,
				E6EDB3AA1DEDDB64000E76F7 /* Human.m in Sources */,
				E6EDB3B31DEDDD78000E76F7 /* Swimmer.m in Sources */,
			);
			runOnlyForDeploymentPostprocessing = 0;
		};
/* End PBXSourcesBuildPhase section */

/* Begin PBXVariantGroup section */
		E6EDB39A1DEDDB3C000E76F7 /* Main.storyboard */ = {
			isa = PBXVariantGroup;
			children = (
				E6EDB39B1DEDDB3C000E76F7 /* Base */,
			);
			name = Main.storyboard;
			sourceTree = "<group>";
		};
		E6EDB39F1DEDDB3C000E76F7 /* LaunchScreen.storyboard */ = {
			isa = PBXVariantGroup;
			children = (
				E6EDB3A01DEDDB3C000E76F7 /* Base */,
			);
			name = LaunchScreen.storyboard;
			sourceTree = "<group>";
		};
/* End PBXVariantGroup section */

/* Begin XCBuildConfiguration section */
		E6EDB3A31DEDDB3C000E76F7 /* Debug */ = {
			isa = XCBuildConfiguration;
			buildSettings = {
				ALWAYS_SEARCH_USER_PATHS = NO;
				CLANG_ANALYZER_NONNULL = YES;
				CLANG_CXX_LANGUAGE_STANDARD = "gnu++0x";
				CLANG_CXX_LIBRARY = "libc++";
				CLANG_ENABLE_MODULES = YES;
				CLANG_ENABLE_OBJC_ARC = YES;
				CLANG_WARN_BOOL_CONVERSION = YES;
				CLANG_WARN_CONSTANT_CONVERSION = YES;
				CLANG_WARN_DIRECT_OBJC_ISA_USAGE = YES_ERROR;
				CLANG_WARN_DOCUMENTATION_COMMENTS = YES;
				CLANG_WARN_EMPTY_BODY = YES;
				CLANG_WARN_ENUM_CONVERSION = YES;
				CLANG_WARN_INFINITE_RECURSION = YES;
				CLANG_WARN_INT_CONVERSION = YES;
				CLANG_WARN_OBJC_ROOT_CLASS = YES_ERROR;
				CLANG_WARN_SUSPICIOUS_MOVES = YES;
				CLANG_WARN_UNREACHABLE_CODE = YES;
				CLANG_WARN__DUPLICATE_METHOD_MATCH = YES;
				"CODE_SIGN_IDENTITY[sdk=iphoneos*]" = "iPhone Developer";
				COPY_PHASE_STRIP = NO;
				DEBUG_INFORMATION_FORMAT = dwarf;
				ENABLE_STRICT_OBJC_MSGSEND = YES;
				ENABLE_TESTABILITY = YES;
				GCC_C_LANGUAGE_STANDARD = gnu99;
				GCC_DYNAMIC_NO_PIC = NO;
				GCC_NO_COMMON_BLOCKS = YES;
				GCC_OPTIMIZATION_LEVEL = 0;
				GCC_PREPROCESSOR_DEFINITIONS = (
					"DEBUG=1",
					"$(inherited)",
				);
				GCC_WARN_64_TO_32_BIT_CONVERSION = YES;
				GCC_WARN_ABOUT_RETURN_TYPE = YES_ERROR;
				GCC_WARN_UNDECLARED_SELECTOR = YES;
				GCC_WARN_UNINITIALIZED_AUTOS = YES_AGGRESSIVE;
				GCC_WARN_UNUSED_FUNCTION = YES;
				GCC_WARN_UNUSED_VARIABLE = YES;
				IPHONEOS_DEPLOYMENT_TARGET = 10.0;
				MTL_ENABLE_DEBUG_INFO = YES;
				ONLY_ACTIVE_ARCH = YES;
				SDKROOT = iphoneos;
				TARGETED_DEVICE_FAMILY = "1,2";
			};
			name = Debug;
		};
		E6EDB3A41DEDDB3C000E76F7 /* Release */ = {
			isa = XCBuildConfiguration;
			buildSettings = {
				ALWAYS_SEARCH_USER_PATHS = NO;
				CLANG_ANALYZER_NONNULL = YES;
				CLANG_CXX_LANGUAGE_STANDARD = "gnu++0x";
				CLANG_CXX_LIBRARY = "libc++";
				CLANG_ENABLE_MODULES = YES;
				CLANG_ENABLE_OBJC_ARC = YES;
				CLANG_WARN_BOOL_CONVERSION = YES;
				CLANG_WARN_CONSTANT_CONVERSION = YES;
				CLANG_WARN_DIRECT_OBJC_ISA_USAGE = YES_ERROR;
				CLANG_WARN_DOCUMENTATION_COMMENTS = YES;
				CLANG_WARN_EMPTY_BODY = YES;
				CLANG_WARN_ENUM_CONVERSION = YES;
				CLANG_WARN_INFINITE_RECURSION = YES;
				CLANG_WARN_INT_CONVERSION = YES;
				CLANG_WARN_OBJC_ROOT_CLASS = YES_ERROR;
				CLANG_WARN_SUSPICIOUS_MOVES = YES;
				CLANG_WARN_UNREACHABLE_CODE = YES;
				CLANG_WARN__DUPLICATE_METHOD_MATCH = YES;
				"CODE_SIGN_IDENTITY[sdk=iphoneos*]" = "iPhone Developer";
				COPY_PHASE_STRIP = NO;
				DEBUG_INFORMATION_FORMAT = "dwarf-with-dsym";
				ENABLE_NS_ASSERTIONS = NO;
				ENABLE_STRICT_OBJC_MSGSEND = YES;
				GCC_C_LANGUAGE_STANDARD = gnu99;
				GCC_NO_COMMON_BLOCKS = YES;
				GCC_WARN_64_TO_32_BIT_CONVERSION = YES;
				GCC_WARN_ABOUT_RETURN_TYPE = YES_ERROR;
				GCC_WARN_UNDECLARED_SELECTOR = YES;
				GCC_WARN_UNINITIALIZED_AUTOS = YES_AGGRESSIVE;
				GCC_WARN_UNUSED_FUNCTION = YES;
				GCC_WARN_UNUSED_VARIABLE = YES;
				IPHONEOS_DEPLOYMENT_TARGET = 10.0;
				MTL_ENABLE_DEBUG_INFO = NO;
				SDKROOT = iphoneos;
				TARGETED_DEVICE_FAMILY = "1,2";
				VALIDATE_PRODUCT = YES;
			};
			name = Release;
		};
		E6EDB3A61DEDDB3C000E76F7 /* Debug */ = {
			isa = XCBuildConfiguration;
			buildSettings = {
				ASSETCATALOG_COMPILER_APPICON_NAME = AppIcon;
				INFOPLIST_FILE = dz/Info.plist;
				LD_RUNPATH_SEARCH_PATHS = "$(inherited) @executable_path/Frameworks";
				PRODUCT_BUNDLE_IDENTIFIER = andriankryk.dz;
				PRODUCT_NAME = "$(TARGET_NAME)";
			};
			name = Debug;
		};
		E6EDB3A71DEDDB3C000E76F7 /* Release */ = {
			isa = XCBuildConfiguration;
			buildSettings = {
				ASSETCATALOG_COMPILER_APPICON_NAME = AppIcon;
				INFOPLIST_FILE = dz/Info.plist;
				LD_RUNPATH_SEARCH_PATHS = "$(inherited) @executable_path/Frameworks";
				PRODUCT_BUNDLE_IDENTIFIER = andriankryk.dz;
				PRODUCT_NAME = "$(TARGET_NAME)";
			};
			name = Release;
		};
/* End XCBuildConfiguration section */

/* Begin XCConfigurationList section */
		E6EDB3891DEDDB3C000E76F7 /* Build configuration list for PBXProject "dz" */ = {
			isa = XCConfigurationList;
			buildConfigurations = (
				E6EDB3A31DEDDB3C000E76F7 /* Debug */,
				E6EDB3A41DEDDB3C000E76F7 /* Release */,
			);
			defaultConfigurationIsVisible = 0;
			defaultConfigurationName = Release;
		};
		E6EDB3A51DEDDB3C000E76F7 /* Build configuration list for PBXNativeTarget "dz" */ = {
			isa = XCConfigurationList;
			buildConfigurations = (
				E6EDB3A61DEDDB3C000E76F7 /* Debug */,
				E6EDB3A71DEDDB3C000E76F7 /* Release */,
			);
			defaultConfigurationIsVisible = 0;
		};
/* End XCConfigurationList section */
	};
	rootObject = E6EDB3861DEDDB3C000E76F7 /* Project object */;
}
