// !$*UTF8*$!
{
	archiveVersion = 1;
	classes = {
	};
	objectVersion = 46;
	objects = {

/* Begin PBXBuildFile section */
		E6FE1B251C846D1800B8F5B8 /* main.m in Sources */ = {isa = PBXBuildFile; fileRef = E6FE1B241C846D1800B8F5B8 /* main.m */; };
		E6FE1B281C846D1800B8F5B8 /* AppDelegate.m in Sources */ = {isa = PBXBuildFile; fileRef = E6FE1B271C846D1800B8F5B8 /* AppDelegate.m */; };
		E6FE1B2B1C846D1800B8F5B8 /* ViewController.m in Sources */ = {isa = PBXBuildFile; fileRef = E6FE1B2A1C846D1800B8F5B8 /* ViewController.m */; };
		E6FE1B2E1C846D1800B8F5B8 /* Main.storyboard in Resources */ = {isa = PBXBuildFile; fileRef = E6FE1B2C1C846D1800B8F5B8 /* Main.storyboard */; };
		E6FE1B301C846D1800B8F5B8 /* Assets.xcassets in Resources */ = {isa = PBXBuildFile; fileRef = E6FE1B2F1C846D1800B8F5B8 /* Assets.xcassets */; };
		E6FE1B331C846D1800B8F5B8 /* LaunchScreen.storyboard in Resources */ = {isa = PBXBuildFile; fileRef = E6FE1B311C846D1800B8F5B8 /* LaunchScreen.storyboard */; };
		E6FE1B5F1C8480BC00B8F5B8 /* Terran.m in Sources */ = {isa = PBXBuildFile; fileRef = E6FE1B5E1C8480BC00B8F5B8 /* Terran.m */; };
		E6FE1B621C859D9100B8F5B8 /* Protoss.m in Sources */ = {isa = PBXBuildFile; fileRef = E6FE1B611C859D9100B8F5B8 /* Protoss.m */; };
		E6FE1B651C85AAB100B8F5B8 /* Zerg.m in Sources */ = {isa = PBXBuildFile; fileRef = E6FE1B641C85AAB100B8F5B8 /* Zerg.m */; };
/* End PBXBuildFile section */

/* Begin PBXFileReference section */
		E6FE1B201C846D1800B8F5B8 /* lesson_07_DZ.app */ = {isa = PBXFileReference; explicitFileType = wrapper.application; includeInIndex = 0; path = lesson_07_DZ.app; sourceTree = BUILT_PRODUCTS_DIR; };
		E6FE1B241C846D1800B8F5B8 /* main.m */ = {isa = PBXFileReference; lastKnownFileType = sourcecode.c.objc; path = main.m; sourceTree = "<group>"; };
		E6FE1B261C846D1800B8F5B8 /* AppDelegate.h */ = {isa = PBXFileReference; lastKnownFileType = sourcecode.c.h; path = AppDelegate.h; sourceTree = "<group>"; };
		E6FE1B271C846D1800B8F5B8 /* AppDelegate.m */ = {isa = PBXFileReference; lastKnownFileType = sourcecode.c.objc; path = AppDelegate.m; sourceTree = "<group>"; };
		E6FE1B291C846D1800B8F5B8 /* ViewController.h */ = {isa = PBXFileReference; lastKnownFileType = sourcecode.c.h; path = ViewController.h; sourceTree = "<group>"; };
		E6FE1B2A1C846D1800B8F5B8 /* ViewController.m */ = {isa = PBXFileReference; lastKnownFileType = sourcecode.c.objc; path = ViewController.m; sourceTree = "<group>"; };
		E6FE1B2D1C846D1800B8F5B8 /* Base */ = {isa = PBXFileReference; lastKnownFileType = file.storyboard; name = Base; path = Base.lproj/Main.storyboard; sourceTree = "<group>"; };
		E6FE1B2F1C846D1800B8F5B8 /* Assets.xcassets */ = {isa = PBXFileReference; lastKnownFileType = folder.assetcatalog; path = Assets.xcassets; sourceTree = "<group>"; };
		E6FE1B321C846D1800B8F5B8 /* Base */ = {isa = PBXFileReference; lastKnownFileType = file.storyboard; name = Base; path = Base.lproj/LaunchScreen.storyboard; sourceTree = "<group>"; };
		E6FE1B341C846D1800B8F5B8 /* Info.plist */ = {isa = PBXFileReference; lastKnownFileType = text.plist.xml; path = Info.plist; sourceTree = "<group>"; };
		E6FE1B5A1C847FBB00B8F5B8 /* WorkerUnit.h */ = {isa = PBXFileReference; fileEncoding = 4; lastKnownFileType = sourcecode.c.h; name = WorkerUnit.h; path = ../WorkerUnit.h; sourceTree = "<group>"; };
		E6FE1B5B1C847FC300B8F5B8 /* AirUnit.h */ = {isa = PBXFileReference; fileEncoding = 4; lastKnownFileType = sourcecode.c.h; name = AirUnit.h; path = ../AirUnit.h; sourceTree = "<group>"; };
		E6FE1B5C1C847FD300B8F5B8 /* GroundUnit.h */ = {isa = PBXFileReference; fileEncoding = 4; lastKnownFileType = sourcecode.c.h; name = GroundUnit.h; path = ../GroundUnit.h; sourceTree = "<group>"; };
		E6FE1B5D1C8480BC00B8F5B8 /* Terran.h */ = {isa = PBXFileReference; fileEncoding = 4; lastKnownFileType = sourcecode.c.h; path = Terran.h; sourceTree = "<group>"; };
		E6FE1B5E1C8480BC00B8F5B8 /* Terran.m */ = {isa = PBXFileReference; fileEncoding = 4; lastKnownFileType = sourcecode.c.objc; path = Terran.m; sourceTree = "<group>"; };
		E6FE1B601C859D9100B8F5B8 /* Protoss.h */ = {isa = PBXFileReference; fileEncoding = 4; lastKnownFileType = sourcecode.c.h; path = Protoss.h; sourceTree = "<group>"; };
		E6FE1B611C859D9100B8F5B8 /* Protoss.m */ = {isa = PBXFileReference; fileEncoding = 4; lastKnownFileType = sourcecode.c.objc; path = Protoss.m; sourceTree = "<group>"; };
		E6FE1B631C85AAB100B8F5B8 /* Zerg.h */ = {isa = PBXFileReference; fileEncoding = 4; lastKnownFileType = sourcecode.c.h; path = Zerg.h; sourceTree = "<group>"; };
		E6FE1B641C85AAB100B8F5B8 /* Zerg.m */ = {isa = PBXFileReference; fileEncoding = 4; lastKnownFileType = sourcecode.c.objc; path = Zerg.m; sourceTree = "<group>"; };
		E6FE1B661C8741AC00B8F5B8 /* enums.h */ = {isa = PBXFileReference; fileEncoding = 4; lastKnownFileType = sourcecode.c.h; path = enums.h; sourceTree = "<group>"; };
/* End PBXFileReference section */

/* Begin PBXFrameworksBuildPhase section */
		E6FE1B1D1C846D1800B8F5B8 /* Frameworks */ = {
			isa = PBXFrameworksBuildPhase;
			buildActionMask = 2147483647;
			files = (
			);
			runOnlyForDeploymentPostprocessing = 0;
		};
/* End PBXFrameworksBuildPhase section */

/* Begin PBXGroup section */
		E6FE1B171C846D1800B8F5B8 = {
			isa = PBXGroup;
			children = (
				E6FE1B221C846D1800B8F5B8 /* lesson_07_DZ */,
				E6FE1B211C846D1800B8F5B8 /* Products */,
			);
			sourceTree = "<group>";
		};
		E6FE1B211C846D1800B8F5B8 /* Products */ = {
			isa = PBXGroup;
			children = (
				E6FE1B201C846D1800B8F5B8 /* lesson_07_DZ.app */,
			);
			name = Products;
			sourceTree = "<group>";
		};
		E6FE1B221C846D1800B8F5B8 /* lesson_07_DZ */ = {
			isa = PBXGroup;
			children = (
				E6FE1B661C8741AC00B8F5B8 /* enums.h */,
				E6FE1B5A1C847FBB00B8F5B8 /* WorkerUnit.h */,
				E6FE1B5B1C847FC300B8F5B8 /* AirUnit.h */,
				E6FE1B5C1C847FD300B8F5B8 /* GroundUnit.h */,
				E6FE1B5D1C8480BC00B8F5B8 /* Terran.h */,
				E6FE1B5E1C8480BC00B8F5B8 /* Terran.m */,
				E6FE1B601C859D9100B8F5B8 /* Protoss.h */,
				E6FE1B611C859D9100B8F5B8 /* Protoss.m */,
				E6FE1B631C85AAB100B8F5B8 /* Zerg.h */,
				E6FE1B641C85AAB100B8F5B8 /* Zerg.m */,
				E6FE1B261C846D1800B8F5B8 /* AppDelegate.h */,
				E6FE1B271C846D1800B8F5B8 /* AppDelegate.m */,
				E6FE1B291C846D1800B8F5B8 /* ViewController.h */,
				E6FE1B2A1C846D1800B8F5B8 /* ViewController.m */,
				E6FE1B2C1C846D1800B8F5B8 /* Main.storyboard */,
				E6FE1B2F1C846D1800B8F5B8 /* Assets.xcassets */,
				E6FE1B311C846D1800B8F5B8 /* LaunchScreen.storyboard */,
				E6FE1B341C846D1800B8F5B8 /* Info.plist */,
				E6FE1B231C846D1800B8F5B8 /* Supporting Files */,
			);
			path = lesson_07_DZ;
			sourceTree = "<group>";
		};
		E6FE1B231C846D1800B8F5B8 /* Supporting Files */ = {
			isa = PBXGroup;
			children = (
				E6FE1B241C846D1800B8F5B8 /* main.m */,
			);
			name = "Supporting Files";
			sourceTree = "<group>";
		};
/* End PBXGroup section */

/* Begin PBXNativeTarget section */
		E6FE1B1F1C846D1800B8F5B8 /* lesson_07_DZ */ = {
			isa = PBXNativeTarget;
			buildConfigurationList = E6FE1B371C846D1800B8F5B8 /* Build configuration list for PBXNativeTarget "lesson_07_DZ" */;
			buildPhases = (
				E6FE1B1C1C846D1800B8F5B8 /* Sources */,
				E6FE1B1D1C846D1800B8F5B8 /* Frameworks */,
				E6FE1B1E1C846D1800B8F5B8 /* Resources */,
			);
			buildRules = (
			);
			dependencies = (
			);
			name = lesson_07_DZ;
			productName = lesson_07_DZ;
			productReference = E6FE1B201C846D1800B8F5B8 /* lesson_07_DZ.app */;
			productType = "com.apple.product-type.application";
		};
/* End PBXNativeTarget section */

/* Begin PBXProject section */
		E6FE1B181C846D1800B8F5B8 /* Project object */ = {
			isa = PBXProject;
			attributes = {
				LastUpgradeCheck = 0720;
				ORGANIZATIONNAME = Andrian;
				TargetAttributes = {
					E6FE1B1F1C846D1800B8F5B8 = {
						CreatedOnToolsVersion = 7.2;
						DevelopmentTeam = 485AHD53BQ;
					};
				};
			};
			buildConfigurationList = E6FE1B1B1C846D1800B8F5B8 /* Build configuration list for PBXProject "lesson_07_DZ" */;
			compatibilityVersion = "Xcode 3.2";
			developmentRegion = English;
			hasScannedForEncodings = 0;
			knownRegions = (
				en,
				Base,
			);
			mainGroup = E6FE1B171C846D1800B8F5B8;
			productRefGroup = E6FE1B211C846D1800B8F5B8 /* Products */;
			projectDirPath = "";
			projectRoot = "";
			targets = (
				E6FE1B1F1C846D1800B8F5B8 /* lesson_07_DZ */,
			);
		};
/* End PBXProject section */

/* Begin PBXResourcesBuildPhase section */
		E6FE1B1E1C846D1800B8F5B8 /* Resources */ = {
			isa = PBXResourcesBuildPhase;
			buildActionMask = 2147483647;
			files = (
				E6FE1B331C846D1800B8F5B8 /* LaunchScreen.storyboard in Resources */,
				E6FE1B301C846D1800B8F5B8 /* Assets.xcassets in Resources */,
				E6FE1B2E1C846D1800B8F5B8 /* Main.storyboard in Resources */,
			);
			runOnlyForDeploymentPostprocessing = 0;
		};
/* End PBXResourcesBuildPhase section */

/* Begin PBXSourcesBuildPhase section */
		E6FE1B1C1C846D1800B8F5B8 /* Sources */ = {
			isa = PBXSourcesBuildPhase;
			buildActionMask = 2147483647;
			files = (
				E6FE1B621C859D9100B8F5B8 /* Protoss.m in Sources */,
				E6FE1B2B1C846D1800B8F5B8 /* ViewController.m in Sources */,
				E6FE1B281C846D1800B8F5B8 /* AppDelegate.m in Sources */,
				E6FE1B651C85AAB100B8F5B8 /* Zerg.m in Sources */,
				E6FE1B251C846D1800B8F5B8 /* main.m in Sources */,
				E6FE1B5F1C8480BC00B8F5B8 /* Terran.m in Sources */,
			);
			runOnlyForDeploymentPostprocessing = 0;
		};
/* End PBXSourcesBuildPhase section */

/* Begin PBXVariantGroup section */
		E6FE1B2C1C846D1800B8F5B8 /* Main.storyboard */ = {
			isa = PBXVariantGroup;
			children = (
				E6FE1B2D1C846D1800B8F5B8 /* Base */,
			);
			name = Main.storyboard;
			sourceTree = "<group>";
		};
		E6FE1B311C846D1800B8F5B8 /* LaunchScreen.storyboard */ = {
			isa = PBXVariantGroup;
			children = (
				E6FE1B321C846D1800B8F5B8 /* Base */,
			);
			name = LaunchScreen.storyboard;
			sourceTree = "<group>";
		};
/* End PBXVariantGroup section */

/* Begin XCBuildConfiguration section */
		E6FE1B351C846D1800B8F5B8 /* Debug */ = {
			isa = XCBuildConfiguration;
			buildSettings = {
				ALWAYS_SEARCH_USER_PATHS = NO;
				CLANG_CXX_LANGUAGE_STANDARD = "gnu++0x";
				CLANG_CXX_LIBRARY = "libc++";
				CLANG_ENABLE_MODULES = YES;
				CLANG_ENABLE_OBJC_ARC = YES;
				CLANG_WARN_BOOL_CONVERSION = YES;
				CLANG_WARN_CONSTANT_CONVERSION = YES;
				CLANG_WARN_DIRECT_OBJC_ISA_USAGE = YES_ERROR;
				CLANG_WARN_EMPTY_BODY = YES;
				CLANG_WARN_ENUM_CONVERSION = YES;
				CLANG_WARN_INT_CONVERSION = YES;
				CLANG_WARN_OBJC_ROOT_CLASS = YES_ERROR;
				CLANG_WARN_UNREACHABLE_CODE = YES;
				CLANG_WARN__DUPLICATE_METHOD_MATCH = YES;
				"CODE_SIGN_IDENTITY[sdk=iphoneos*]" = "iPhone Developer";
				COPY_PHASE_STRIP = NO;
				DEBUG_INFORMATION_FORMAT = dwarf;
				ENABLE_STRICT_OBJC_MSGSEND = YES;
				ENABLE_TESTABILITY = YES;
				GCC_C_LANGUAGE_STANDARD = gnu99;
				GCC_DYNAMIC_NO_PIC = NO;
				GCC_NO_COMMON_BLOCKS = YES;
				GCC_OPTIMIZATION_LEVEL = 0;
				GCC_PREPROCESSOR_DEFINITIONS = (
					"DEBUG=1",
					"$(inherited)",
				);
				GCC_WARN_64_TO_32_BIT_CONVERSION = YES;
				GCC_WARN_ABOUT_RETURN_TYPE = YES_ERROR;
				GCC_WARN_UNDECLARED_SELECTOR = YES;
				GCC_WARN_UNINITIALIZED_AUTOS = YES_AGGRESSIVE;
				GCC_WARN_UNUSED_FUNCTION = YES;
				GCC_WARN_UNUSED_VARIABLE = YES;
				IPHONEOS_DEPLOYMENT_TARGET = 9.2;
				MTL_ENABLE_DEBUG_INFO = YES;
				ONLY_ACTIVE_ARCH = YES;
				SDKROOT = iphoneos;
				TARGETED_DEVICE_FAMILY = "1,2";
			};
			name = Debug;
		};
		E6FE1B361C846D1800B8F5B8 /* Release */ = {
			isa = XCBuildConfiguration;
			buildSettings = {
				ALWAYS_SEARCH_USER_PATHS = NO;
				CLANG_CXX_LANGUAGE_STANDARD = "gnu++0x";
				CLANG_CXX_LIBRARY = "libc++";
				CLANG_ENABLE_MODULES = YES;
				CLANG_ENABLE_OBJC_ARC = YES;
				CLANG_WARN_BOOL_CONVERSION = YES;
				CLANG_WARN_CONSTANT_CONVERSION = YES;
				CLANG_WARN_DIRECT_OBJC_ISA_USAGE = YES_ERROR;
				CLANG_WARN_EMPTY_BODY = YES;
				CLANG_WARN_ENUM_CONVERSION = YES;
				CLANG_WARN_INT_CONVERSION = YES;
				CLANG_WARN_OBJC_ROOT_CLASS = YES_ERROR;
				CLANG_WARN_UNREACHABLE_CODE = YES;
				CLANG_WARN__DUPLICATE_METHOD_MATCH = YES;
				"CODE_SIGN_IDENTITY[sdk=iphoneos*]" = "iPhone Developer";
				COPY_PHASE_STRIP = NO;
				DEBUG_INFORMATION_FORMAT = "dwarf-with-dsym";
				ENABLE_NS_ASSERTIONS = NO;
				ENABLE_STRICT_OBJC_MSGSEND = YES;
				GCC_C_LANGUAGE_STANDARD = gnu99;
				GCC_NO_COMMON_BLOCKS = YES;
				GCC_WARN_64_TO_32_BIT_CONVERSION = YES;
				GCC_WARN_ABOUT_RETURN_TYPE = YES_ERROR;
				GCC_WARN_UNDECLARED_SELECTOR = YES;
				GCC_WARN_UNINITIALIZED_AUTOS = YES_AGGRESSIVE;
				GCC_WARN_UNUSED_FUNCTION = YES;
				GCC_WARN_UNUSED_VARIABLE = YES;
				IPHONEOS_DEPLOYMENT_TARGET = 9.2;
				MTL_ENABLE_DEBUG_INFO = NO;
				SDKROOT = iphoneos;
				TARGETED_DEVICE_FAMILY = "1,2";
				VALIDATE_PRODUCT = YES;
			};
			name = Release;
		};
		E6FE1B381C846D1800B8F5B8 /* Debug */ = {
			isa = XCBuildConfiguration;
			buildSettings = {
				ASSETCATALOG_COMPILER_APPICON_NAME = AppIcon;
				INFOPLIST_FILE = lesson_07_DZ/Info.plist;
				LD_RUNPATH_SEARCH_PATHS = "$(inherited) @executable_path/Frameworks";
				PRODUCT_BUNDLE_IDENTIFIER = "com.andriankryk.lesson-07-DZ";
				PRODUCT_NAME = "$(TARGET_NAME)";
			};
			name = Debug;
		};
		E6FE1B391C846D1800B8F5B8 /* Release */ = {
			isa = XCBuildConfiguration;
			buildSettings = {
				ASSETCATALOG_COMPILER_APPICON_NAME = AppIcon;
				INFOPLIST_FILE = lesson_07_DZ/Info.plist;
				LD_RUNPATH_SEARCH_PATHS = "$(inherited) @executable_path/Frameworks";
				PRODUCT_BUNDLE_IDENTIFIER = "com.andriankryk.lesson-07-DZ";
				PRODUCT_NAME = "$(TARGET_NAME)";
			};
			name = Release;
		};
/* End XCBuildConfiguration section */

/* Begin XCConfigurationList section */
		E6FE1B1B1C846D1800B8F5B8 /* Build configuration list for PBXProject "lesson_07_DZ" */ = {
			isa = XCConfigurationList;
			buildConfigurations = (
				E6FE1B351C846D1800B8F5B8 /* Debug */,
				E6FE1B361C846D1800B8F5B8 /* Release */,
			);
			defaultConfigurationIsVisible = 0;
			defaultConfigurationName = Release;
		};
		E6FE1B371C846D1800B8F5B8 /* Build configuration list for PBXNativeTarget "lesson_07_DZ" */ = {
			isa = XCConfigurationList;
			buildConfigurations = (
				E6FE1B381C846D1800B8F5B8 /* Debug */,
				E6FE1B391C846D1800B8F5B8 /* Release */,
			);
			defaultConfigurationIsVisible = 0;
			defaultConfigurationName = Release;
		};
/* End XCConfigurationList section */
	};
	rootObject = E6FE1B181C846D1800B8F5B8 /* Project object */;
}
